// !$*UTF8*$!
{
	archiveVersion = 1;
	classes = {
	};
	objectVersion = 56;
	objects = {

/* Begin PBXBuildFile section */
		CED0B6AD29B365D3004A053B /* AppDelegate.swift in Sources */ = {isa = PBXBuildFile; fileRef = CED0B6AC29B365D3004A053B /* AppDelegate.swift */; };
		CED0B6AF29B365D3004A053B /* SceneDelegate.swift in Sources */ = {isa = PBXBuildFile; fileRef = CED0B6AE29B365D3004A053B /* SceneDelegate.swift */; };
		CED0B6B129B365D3004A053B /* MainViewController.swift in Sources */ = {isa = PBXBuildFile; fileRef = CED0B6B029B365D3004A053B /* MainViewController.swift */; };
		CED0B6B429B365D3004A053B /* Main.storyboard in Resources */ = {isa = PBXBuildFile; fileRef = CED0B6B229B365D3004A053B /* Main.storyboard */; };
		CED0B6B729B365D3004A053B /* MarvelApp.xcdatamodeld in Sources */ = {isa = PBXBuildFile; fileRef = CED0B6B529B365D3004A053B /* MarvelApp.xcdatamodeld */; };
		CED0B6B929B365D4004A053B /* Assets.xcassets in Resources */ = {isa = PBXBuildFile; fileRef = CED0B6B829B365D4004A053B /* Assets.xcassets */; };
		CED0B6BC29B365D4004A053B /* LaunchScreen.storyboard in Resources */ = {isa = PBXBuildFile; fileRef = CED0B6BA29B365D4004A053B /* LaunchScreen.storyboard */; };
		CED0B6C729B365D4004A053B /* MarvelAppTests.swift in Sources */ = {isa = PBXBuildFile; fileRef = CED0B6C629B365D4004A053B /* MarvelAppTests.swift */; };
		CED0B6D129B365D5004A053B /* MarvelAppUITests.swift in Sources */ = {isa = PBXBuildFile; fileRef = CED0B6D029B365D5004A053B /* MarvelAppUITests.swift */; };
		CED0B6D329B365D5004A053B /* MarvelAppUITestsLaunchTests.swift in Sources */ = {isa = PBXBuildFile; fileRef = CED0B6D229B365D5004A053B /* MarvelAppUITestsLaunchTests.swift */; };
		CED0B6E029B3C288004A053B /* CharacterCell.swift in Sources */ = {isa = PBXBuildFile; fileRef = CED0B6DF29B3C288004A053B /* CharacterCell.swift */; };
		CED0B6E329B3C2CB004A053B /* Characters.swift in Sources */ = {isa = PBXBuildFile; fileRef = CED0B6E229B3C2CB004A053B /* Characters.swift */; };
		CED0B6E529B3C2E6004A053B /* Model.swift in Sources */ = {isa = PBXBuildFile; fileRef = CED0B6E429B3C2E6004A053B /* Model.swift */; };
		CED0B6E729B3C2FE004A053B /* DataList.swift in Sources */ = {isa = PBXBuildFile; fileRef = CED0B6E629B3C2FE004A053B /* DataList.swift */; };
		CED0B6E929B3C319004A053B /* Results.swift in Sources */ = {isa = PBXBuildFile; fileRef = CED0B6E829B3C319004A053B /* Results.swift */; };
		CED0B6EB29B3C328004A053B /* Thumbnail.swift in Sources */ = {isa = PBXBuildFile; fileRef = CED0B6EA29B3C328004A053B /* Thumbnail.swift */; };
		CED0B6ED29B3C345004A053B /* Comics.swift in Sources */ = {isa = PBXBuildFile; fileRef = CED0B6EC29B3C345004A053B /* Comics.swift */; };
		CED0B6EF29B3C358004A053B /* Items.swift in Sources */ = {isa = PBXBuildFile; fileRef = CED0B6EE29B3C358004A053B /* Items.swift */; };
		CED0B6F729B3C3D8004A053B /* HttpGetProtocol.swift in Sources */ = {isa = PBXBuildFile; fileRef = CED0B6F629B3C3D8004A053B /* HttpGetProtocol.swift */; };
		CED0B6F929B3C3F4004A053B /* HttpService.swift in Sources */ = {isa = PBXBuildFile; fileRef = CED0B6F829B3C3F4004A053B /* HttpService.swift */; };
		CED0B6FB29B3C408004A053B /* HttpError.swift in Sources */ = {isa = PBXBuildFile; fileRef = CED0B6FA29B3C408004A053B /* HttpError.swift */; };
		CED0B6FD29B3C42C004A053B /* MainViewModel.swift in Sources */ = {isa = PBXBuildFile; fileRef = CED0B6FC29B3C42C004A053B /* MainViewModel.swift */; };
		CED0B70029B3C902004A053B /* Alamofire in Frameworks */ = {isa = PBXBuildFile; productRef = CED0B6FF29B3C902004A053B /* Alamofire */; };
		CED0B70329B3C966004A053B /* Kingfisher in Frameworks */ = {isa = PBXBuildFile; productRef = CED0B70229B3C966004A053B /* Kingfisher */; };
/* End PBXBuildFile section */

/* Begin PBXContainerItemProxy section */
		CED0B6C329B365D4004A053B /* PBXContainerItemProxy */ = {
			isa = PBXContainerItemProxy;
			containerPortal = CED0B6A129B365D3004A053B /* Project object */;
			proxyType = 1;
			remoteGlobalIDString = CED0B6A829B365D3004A053B;
			remoteInfo = MarvelApp;
		};
		CED0B6CD29B365D5004A053B /* PBXContainerItemProxy */ = {
			isa = PBXContainerItemProxy;
			containerPortal = CED0B6A129B365D3004A053B /* Project object */;
			proxyType = 1;
			remoteGlobalIDString = CED0B6A829B365D3004A053B;
			remoteInfo = MarvelApp;
		};
/* End PBXContainerItemProxy section */

/* Begin PBXFileReference section */
		CED0B6A929B365D3004A053B /* MarvelApp.app */ = {isa = PBXFileReference; explicitFileType = wrapper.application; includeInIndex = 0; path = MarvelApp.app; sourceTree = BUILT_PRODUCTS_DIR; };
		CED0B6AC29B365D3004A053B /* AppDelegate.swift */ = {isa = PBXFileReference; lastKnownFileType = sourcecode.swift; path = AppDelegate.swift; sourceTree = "<group>"; };
		CED0B6AE29B365D3004A053B /* SceneDelegate.swift */ = {isa = PBXFileReference; lastKnownFileType = sourcecode.swift; path = SceneDelegate.swift; sourceTree = "<group>"; };
		CED0B6B029B365D3004A053B /* MainViewController.swift */ = {isa = PBXFileReference; lastKnownFileType = sourcecode.swift; path = MainViewController.swift; sourceTree = "<group>"; };
		CED0B6B329B365D3004A053B /* Base */ = {isa = PBXFileReference; lastKnownFileType = file.storyboard; name = Base; path = Base.lproj/Main.storyboard; sourceTree = "<group>"; };
		CED0B6B629B365D3004A053B /* MarvelApp.xcdatamodel */ = {isa = PBXFileReference; lastKnownFileType = wrapper.xcdatamodel; path = MarvelApp.xcdatamodel; sourceTree = "<group>"; };
		CED0B6B829B365D4004A053B /* Assets.xcassets */ = {isa = PBXFileReference; lastKnownFileType = folder.assetcatalog; path = Assets.xcassets; sourceTree = "<group>"; };
		CED0B6BB29B365D4004A053B /* Base */ = {isa = PBXFileReference; lastKnownFileType = file.storyboard; name = Base; path = Base.lproj/LaunchScreen.storyboard; sourceTree = "<group>"; };
		CED0B6BD29B365D4004A053B /* Info.plist */ = {isa = PBXFileReference; lastKnownFileType = text.plist.xml; path = Info.plist; sourceTree = "<group>"; };
		CED0B6C229B365D4004A053B /* MarvelAppTests.xctest */ = {isa = PBXFileReference; explicitFileType = wrapper.cfbundle; includeInIndex = 0; path = MarvelAppTests.xctest; sourceTree = BUILT_PRODUCTS_DIR; };
		CED0B6C629B365D4004A053B /* MarvelAppTests.swift */ = {isa = PBXFileReference; lastKnownFileType = sourcecode.swift; path = MarvelAppTests.swift; sourceTree = "<group>"; };
		CED0B6CC29B365D4004A053B /* MarvelAppUITests.xctest */ = {isa = PBXFileReference; explicitFileType = wrapper.cfbundle; includeInIndex = 0; path = MarvelAppUITests.xctest; sourceTree = BUILT_PRODUCTS_DIR; };
		CED0B6D029B365D5004A053B /* MarvelAppUITests.swift */ = {isa = PBXFileReference; lastKnownFileType = sourcecode.swift; path = MarvelAppUITests.swift; sourceTree = "<group>"; };
		CED0B6D229B365D5004A053B /* MarvelAppUITestsLaunchTests.swift */ = {isa = PBXFileReference; lastKnownFileType = sourcecode.swift; path = MarvelAppUITestsLaunchTests.swift; sourceTree = "<group>"; };
		CED0B6DF29B3C288004A053B /* CharacterCell.swift */ = {isa = PBXFileReference; lastKnownFileType = sourcecode.swift; path = CharacterCell.swift; sourceTree = "<group>"; };
		CED0B6E229B3C2CB004A053B /* Characters.swift */ = {isa = PBXFileReference; lastKnownFileType = sourcecode.swift; path = Characters.swift; sourceTree = "<group>"; };
		CED0B6E429B3C2E6004A053B /* Model.swift */ = {isa = PBXFileReference; lastKnownFileType = sourcecode.swift; path = Model.swift; sourceTree = "<group>"; };
		CED0B6E629B3C2FE004A053B /* DataList.swift */ = {isa = PBXFileReference; lastKnownFileType = sourcecode.swift; path = DataList.swift; sourceTree = "<group>"; };
		CED0B6E829B3C319004A053B /* Results.swift */ = {isa = PBXFileReference; lastKnownFileType = sourcecode.swift; path = Results.swift; sourceTree = "<group>"; };
		CED0B6EA29B3C328004A053B /* Thumbnail.swift */ = {isa = PBXFileReference; lastKnownFileType = sourcecode.swift; path = Thumbnail.swift; sourceTree = "<group>"; };
		CED0B6EC29B3C345004A053B /* Comics.swift */ = {isa = PBXFileReference; lastKnownFileType = sourcecode.swift; path = Comics.swift; sourceTree = "<group>"; };
		CED0B6EE29B3C358004A053B /* Items.swift */ = {isa = PBXFileReference; lastKnownFileType = sourcecode.swift; path = Items.swift; sourceTree = "<group>"; };
		CED0B6F629B3C3D8004A053B /* HttpGetProtocol.swift */ = {isa = PBXFileReference; lastKnownFileType = sourcecode.swift; path = HttpGetProtocol.swift; sourceTree = "<group>"; };
		CED0B6F829B3C3F4004A053B /* HttpService.swift */ = {isa = PBXFileReference; lastKnownFileType = sourcecode.swift; path = HttpService.swift; sourceTree = "<group>"; };
		CED0B6FA29B3C408004A053B /* HttpError.swift */ = {isa = PBXFileReference; lastKnownFileType = sourcecode.swift; path = HttpError.swift; sourceTree = "<group>"; };
		CED0B6FC29B3C42C004A053B /* MainViewModel.swift */ = {isa = PBXFileReference; lastKnownFileType = sourcecode.swift; path = MainViewModel.swift; sourceTree = "<group>"; };
/* End PBXFileReference section */

/* Begin PBXFrameworksBuildPhase section */
		CED0B6A629B365D3004A053B /* Frameworks */ = {
			isa = PBXFrameworksBuildPhase;
			buildActionMask = 2147483647;
			files = (
				CED0B70329B3C966004A053B /* Kingfisher in Frameworks */,
				CED0B70029B3C902004A053B /* Alamofire in Frameworks */,
			);
			runOnlyForDeploymentPostprocessing = 0;
		};
		CED0B6BF29B365D4004A053B /* Frameworks */ = {
			isa = PBXFrameworksBuildPhase;
			buildActionMask = 2147483647;
			files = (
			);
			runOnlyForDeploymentPostprocessing = 0;
		};
		CED0B6C929B365D4004A053B /* Frameworks */ = {
			isa = PBXFrameworksBuildPhase;
			buildActionMask = 2147483647;
			files = (
			);
			runOnlyForDeploymentPostprocessing = 0;
		};
/* End PBXFrameworksBuildPhase section */

/* Begin PBXGroup section */
		CED0B6A029B365D3004A053B = {
			isa = PBXGroup;
			children = (
				CED0B6AB29B365D3004A053B /* MarvelApp */,
				CED0B6C529B365D4004A053B /* MarvelAppTests */,
				CED0B6CF29B365D5004A053B /* MarvelAppUITests */,
				CED0B6AA29B365D3004A053B /* Products */,
			);
			sourceTree = "<group>";
		};
		CED0B6AA29B365D3004A053B /* Products */ = {
			isa = PBXGroup;
			children = (
				CED0B6A929B365D3004A053B /* MarvelApp.app */,
				CED0B6C229B365D4004A053B /* MarvelAppTests.xctest */,
				CED0B6CC29B365D4004A053B /* MarvelAppUITests.xctest */,
			);
			name = Products;
			sourceTree = "<group>";
		};
		CED0B6AB29B365D3004A053B /* MarvelApp */ = {
			isa = PBXGroup;
			children = (
				CED0B6F529B3C3B7004A053B /* Http */,
				CED0B6F429B3C3A7004A053B /* ViewModel */,
				CED0B6F029B3C369004A053B /* View */,
				CED0B6E129B3C2B6004A053B /* Model */,
				CED0B6AC29B365D3004A053B /* AppDelegate.swift */,
				CED0B6AE29B365D3004A053B /* SceneDelegate.swift */,
				CED0B6B829B365D4004A053B /* Assets.xcassets */,
				CED0B6BD29B365D4004A053B /* Info.plist */,
				CED0B6B529B365D3004A053B /* MarvelApp.xcdatamodeld */,
			);
			path = MarvelApp;
			sourceTree = "<group>";
		};
		CED0B6C529B365D4004A053B /* MarvelAppTests */ = {
			isa = PBXGroup;
			children = (
				CED0B6C629B365D4004A053B /* MarvelAppTests.swift */,
			);
			path = MarvelAppTests;
			sourceTree = "<group>";
		};
		CED0B6CF29B365D5004A053B /* MarvelAppUITests */ = {
			isa = PBXGroup;
			children = (
				CED0B6D029B365D5004A053B /* MarvelAppUITests.swift */,
				CED0B6D229B365D5004A053B /* MarvelAppUITestsLaunchTests.swift */,
			);
			path = MarvelAppUITests;
			sourceTree = "<group>";
		};
		CED0B6E129B3C2B6004A053B /* Model */ = {
			isa = PBXGroup;
			children = (
				CED0B6E229B3C2CB004A053B /* Characters.swift */,
				CED0B6E429B3C2E6004A053B /* Model.swift */,
				CED0B6E629B3C2FE004A053B /* DataList.swift */,
				CED0B6E829B3C319004A053B /* Results.swift */,
				CED0B6EA29B3C328004A053B /* Thumbnail.swift */,
				CED0B6EC29B3C345004A053B /* Comics.swift */,
				CED0B6EE29B3C358004A053B /* Items.swift */,
			);
			path = Model;
			sourceTree = "<group>";
		};
		CED0B6F029B3C369004A053B /* View */ = {
			isa = PBXGroup;
			children = (
				CED0B6F329B3C39C004A053B /* Cells */,
				CED0B6F229B3C386004A053B /* Storyboards */,
				CED0B6F129B3C378004A053B /* ViewControllers */,
			);
			path = View;
			sourceTree = "<group>";
		};
		CED0B6F129B3C378004A053B /* ViewControllers */ = {
			isa = PBXGroup;
			children = (
				CED0B6B029B365D3004A053B /* MainViewController.swift */,
			);
			path = ViewControllers;
			sourceTree = "<group>";
		};
		CED0B6F229B3C386004A053B /* Storyboards */ = {
			isa = PBXGroup;
			children = (
				CED0B6B229B365D3004A053B /* Main.storyboard */,
				CED0B6BA29B365D4004A053B /* LaunchScreen.storyboard */,
			);
			path = Storyboards;
			sourceTree = "<group>";
		};
		CED0B6F329B3C39C004A053B /* Cells */ = {
			isa = PBXGroup;
			children = (
				CED0B6DF29B3C288004A053B /* CharacterCell.swift */,
			);
			path = Cells;
			sourceTree = "<group>";
		};
		CED0B6F429B3C3A7004A053B /* ViewModel */ = {
			isa = PBXGroup;
			children = (
				CED0B6FC29B3C42C004A053B /* MainViewModel.swift */,
			);
			path = ViewModel;
			sourceTree = "<group>";
		};
		CED0B6F529B3C3B7004A053B /* Http */ = {
			isa = PBXGroup;
			children = (
				CED0B6F629B3C3D8004A053B /* HttpGetProtocol.swift */,
				CED0B6F829B3C3F4004A053B /* HttpService.swift */,
				CED0B6FA29B3C408004A053B /* HttpError.swift */,
			);
			path = Http;
			sourceTree = "<group>";
		};
/* End PBXGroup section */

/* Begin PBXNativeTarget section */
		CED0B6A829B365D3004A053B /* MarvelApp */ = {
			isa = PBXNativeTarget;
			buildConfigurationList = CED0B6D629B365D5004A053B /* Build configuration list for PBXNativeTarget "MarvelApp" */;
			buildPhases = (
				CED0B6A529B365D3004A053B /* Sources */,
				CED0B6A629B365D3004A053B /* Frameworks */,
				CED0B6A729B365D3004A053B /* Resources */,
			);
			buildRules = (
			);
			dependencies = (
			);
			name = MarvelApp;
			packageProductDependencies = (
				CED0B6FF29B3C902004A053B /* Alamofire */,
				CED0B70229B3C966004A053B /* Kingfisher */,
			);
			productName = MarvelApp;
			productReference = CED0B6A929B365D3004A053B /* MarvelApp.app */;
			productType = "com.apple.product-type.application";
		};
		CED0B6C129B365D4004A053B /* MarvelAppTests */ = {
			isa = PBXNativeTarget;
			buildConfigurationList = CED0B6D929B365D5004A053B /* Build configuration list for PBXNativeTarget "MarvelAppTests" */;
			buildPhases = (
				CED0B6BE29B365D4004A053B /* Sources */,
				CED0B6BF29B365D4004A053B /* Frameworks */,
				CED0B6C029B365D4004A053B /* Resources */,
			);
			buildRules = (
			);
			dependencies = (
				CED0B6C429B365D4004A053B /* PBXTargetDependency */,
			);
			name = MarvelAppTests;
			productName = MarvelAppTests;
			productReference = CED0B6C229B365D4004A053B /* MarvelAppTests.xctest */;
			productType = "com.apple.product-type.bundle.unit-test";
		};
		CED0B6CB29B365D4004A053B /* MarvelAppUITests */ = {
			isa = PBXNativeTarget;
			buildConfigurationList = CED0B6DC29B365D5004A053B /* Build configuration list for PBXNativeTarget "MarvelAppUITests" */;
			buildPhases = (
				CED0B6C829B365D4004A053B /* Sources */,
				CED0B6C929B365D4004A053B /* Frameworks */,
				CED0B6CA29B365D4004A053B /* Resources */,
			);
			buildRules = (
			);
			dependencies = (
				CED0B6CE29B365D5004A053B /* PBXTargetDependency */,
			);
			name = MarvelAppUITests;
			productName = MarvelAppUITests;
			productReference = CED0B6CC29B365D4004A053B /* MarvelAppUITests.xctest */;
			productType = "com.apple.product-type.bundle.ui-testing";
		};
/* End PBXNativeTarget section */

/* Begin PBXProject section */
		CED0B6A129B365D3004A053B /* Project object */ = {
			isa = PBXProject;
			attributes = {
				BuildIndependentTargetsInParallel = 1;
				LastSwiftUpdateCheck = 1420;
				LastUpgradeCheck = 1420;
				TargetAttributes = {
					CED0B6A829B365D3004A053B = {
						CreatedOnToolsVersion = 14.2;
					};
					CED0B6C129B365D4004A053B = {
						CreatedOnToolsVersion = 14.2;
						TestTargetID = CED0B6A829B365D3004A053B;
					};
					CED0B6CB29B365D4004A053B = {
						CreatedOnToolsVersion = 14.2;
						TestTargetID = CED0B6A829B365D3004A053B;
					};
				};
			};
			buildConfigurationList = CED0B6A429B365D3004A053B /* Build configuration list for PBXProject "MarvelApp" */;
			compatibilityVersion = "Xcode 14.0";
			developmentRegion = en;
			hasScannedForEncodings = 0;
			knownRegions = (
				en,
				Base,
			);
			mainGroup = CED0B6A029B365D3004A053B;
			packageReferences = (
				CED0B6FE29B3C902004A053B /* XCRemoteSwiftPackageReference "Alamofire" */,
				CED0B70129B3C966004A053B /* XCRemoteSwiftPackageReference "Kingfisher" */,
			);
			productRefGroup = CED0B6AA29B365D3004A053B /* Products */;
			projectDirPath = "";
			projectRoot = "";
			targets = (
				CED0B6A829B365D3004A053B /* MarvelApp */,
				CED0B6C129B365D4004A053B /* MarvelAppTests */,
				CED0B6CB29B365D4004A053B /* MarvelAppUITests */,
			);
		};
/* End PBXProject section */

/* Begin PBXResourcesBuildPhase section */
		CED0B6A729B365D3004A053B /* Resources */ = {
			isa = PBXResourcesBuildPhase;
			buildActionMask = 2147483647;
			files = (
				CED0B6BC29B365D4004A053B /* LaunchScreen.storyboard in Resources */,
				CED0B6B929B365D4004A053B /* Assets.xcassets in Resources */,
				CED0B6B429B365D3004A053B /* Main.storyboard in Resources */,
			);
			runOnlyForDeploymentPostprocessing = 0;
		};
		CED0B6C029B365D4004A053B /* Resources */ = {
			isa = PBXResourcesBuildPhase;
			buildActionMask = 2147483647;
			files = (
			);
			runOnlyForDeploymentPostprocessing = 0;
		};
		CED0B6CA29B365D4004A053B /* Resources */ = {
			isa = PBXResourcesBuildPhase;
			buildActionMask = 2147483647;
			files = (
			);
			runOnlyForDeploymentPostprocessing = 0;
		};
/* End PBXResourcesBuildPhase section */

/* Begin PBXSourcesBuildPhase section */
		CED0B6A529B365D3004A053B /* Sources */ = {
			isa = PBXSourcesBuildPhase;
			buildActionMask = 2147483647;
			files = (
				CED0B6E529B3C2E6004A053B /* Model.swift in Sources */,
				CED0B6E029B3C288004A053B /* CharacterCell.swift in Sources */,
				CED0B6E329B3C2CB004A053B /* Characters.swift in Sources */,
				CED0B6B129B365D3004A053B /* MainViewController.swift in Sources */,
				CED0B6F729B3C3D8004A053B /* HttpGetProtocol.swift in Sources */,
				CED0B6EF29B3C358004A053B /* Items.swift in Sources */,
				CED0B6AD29B365D3004A053B /* AppDelegate.swift in Sources */,
				CED0B6FB29B3C408004A053B /* HttpError.swift in Sources */,
				CED0B6ED29B3C345004A053B /* Comics.swift in Sources */,
				CED0B6B729B365D3004A053B /* MarvelApp.xcdatamodeld in Sources */,
				CED0B6E929B3C319004A053B /* Results.swift in Sources */,
				CED0B6AF29B365D3004A053B /* SceneDelegate.swift in Sources */,
				CED0B6EB29B3C328004A053B /* Thumbnail.swift in Sources */,
				CED0B6E729B3C2FE004A053B /* DataList.swift in Sources */,
				CED0B6F929B3C3F4004A053B /* HttpService.swift in Sources */,
				CED0B6FD29B3C42C004A053B /* MainViewModel.swift in Sources */,
			);
			runOnlyForDeploymentPostprocessing = 0;
		};
		CED0B6BE29B365D4004A053B /* Sources */ = {
			isa = PBXSourcesBuildPhase;
			buildActionMask = 2147483647;
			files = (
				CED0B6C729B365D4004A053B /* MarvelAppTests.swift in Sources */,
			);
			runOnlyForDeploymentPostprocessing = 0;
		};
		CED0B6C829B365D4004A053B /* Sources */ = {
			isa = PBXSourcesBuildPhase;
			buildActionMask = 2147483647;
			files = (
				CED0B6D129B365D5004A053B /* MarvelAppUITests.swift in Sources */,
				CED0B6D329B365D5004A053B /* MarvelAppUITestsLaunchTests.swift in Sources */,
			);
			runOnlyForDeploymentPostprocessing = 0;
		};
/* End PBXSourcesBuildPhase section */

/* Begin PBXTargetDependency section */
		CED0B6C429B365D4004A053B /* PBXTargetDependency */ = {
			isa = PBXTargetDependency;
			target = CED0B6A829B365D3004A053B /* MarvelApp */;
			targetProxy = CED0B6C329B365D4004A053B /* PBXContainerItemProxy */;
		};
		CED0B6CE29B365D5004A053B /* PBXTargetDependency */ = {
			isa = PBXTargetDependency;
			target = CED0B6A829B365D3004A053B /* MarvelApp */;
			targetProxy = CED0B6CD29B365D5004A053B /* PBXContainerItemProxy */;
		};
/* End PBXTargetDependency section */

/* Begin PBXVariantGroup section */
		CED0B6B229B365D3004A053B /* Main.storyboard */ = {
			isa = PBXVariantGroup;
			children = (
				CED0B6B329B365D3004A053B /* Base */,
			);
			name = Main.storyboard;
			sourceTree = "<group>";
		};
		CED0B6BA29B365D4004A053B /* LaunchScreen.storyboard */ = {
			isa = PBXVariantGroup;
			children = (
				CED0B6BB29B365D4004A053B /* Base */,
			);
			name = LaunchScreen.storyboard;
			sourceTree = "<group>";
		};
/* End PBXVariantGroup section */

/* Begin XCBuildConfiguration section */
		CED0B6D429B365D5004A053B /* Debug */ = {
			isa = XCBuildConfiguration;
			buildSettings = {
				ALWAYS_SEARCH_USER_PATHS = NO;
				CLANG_ANALYZER_NONNULL = YES;
				CLANG_ANALYZER_NUMBER_OBJECT_CONVERSION = YES_AGGRESSIVE;
				CLANG_CXX_LANGUAGE_STANDARD = "gnu++20";
				CLANG_ENABLE_MODULES = YES;
				CLANG_ENABLE_OBJC_ARC = YES;
				CLANG_ENABLE_OBJC_WEAK = YES;
				CLANG_WARN_BLOCK_CAPTURE_AUTORELEASING = YES;
				CLANG_WARN_BOOL_CONVERSION = YES;
				CLANG_WARN_COMMA = YES;
				CLANG_WARN_CONSTANT_CONVERSION = YES;
				CLANG_WARN_DEPRECATED_OBJC_IMPLEMENTATIONS = YES;
				CLANG_WARN_DIRECT_OBJC_ISA_USAGE = YES_ERROR;
				CLANG_WARN_DOCUMENTATION_COMMENTS = YES;
				CLANG_WARN_EMPTY_BODY = YES;
				CLANG_WARN_ENUM_CONVERSION = YES;
				CLANG_WARN_INFINITE_RECURSION = YES;
				CLANG_WARN_INT_CONVERSION = YES;
				CLANG_WARN_NON_LITERAL_NULL_CONVERSION = YES;
				CLANG_WARN_OBJC_IMPLICIT_RETAIN_SELF = YES;
				CLANG_WARN_OBJC_LITERAL_CONVERSION = YES;
				CLANG_WARN_OBJC_ROOT_CLASS = YES_ERROR;
				CLANG_WARN_QUOTED_INCLUDE_IN_FRAMEWORK_HEADER = YES;
				CLANG_WARN_RANGE_LOOP_ANALYSIS = YES;
				CLANG_WARN_STRICT_PROTOTYPES = YES;
				CLANG_WARN_SUSPICIOUS_MOVE = YES;
				CLANG_WARN_UNGUARDED_AVAILABILITY = YES_AGGRESSIVE;
				CLANG_WARN_UNREACHABLE_CODE = YES;
				CLANG_WARN__DUPLICATE_METHOD_MATCH = YES;
				COPY_PHASE_STRIP = NO;
				DEBUG_INFORMATION_FORMAT = dwarf;
				ENABLE_STRICT_OBJC_MSGSEND = YES;
				ENABLE_TESTABILITY = YES;
				GCC_C_LANGUAGE_STANDARD = gnu11;
				GCC_DYNAMIC_NO_PIC = NO;
				GCC_NO_COMMON_BLOCKS = YES;
				GCC_OPTIMIZATION_LEVEL = 0;
				GCC_PREPROCESSOR_DEFINITIONS = (
					"DEBUG=1",
					"$(inherited)",
				);
				GCC_WARN_64_TO_32_BIT_CONVERSION = YES;
				GCC_WARN_ABOUT_RETURN_TYPE = YES_ERROR;
				GCC_WARN_UNDECLARED_SELECTOR = YES;
				GCC_WARN_UNINITIALIZED_AUTOS = YES_AGGRESSIVE;
				GCC_WARN_UNUSED_FUNCTION = YES;
				GCC_WARN_UNUSED_VARIABLE = YES;
				IPHONEOS_DEPLOYMENT_TARGET = 16.2;
				MTL_ENABLE_DEBUG_INFO = INCLUDE_SOURCE;
				MTL_FAST_MATH = YES;
				ONLY_ACTIVE_ARCH = YES;
				SDKROOT = iphoneos;
				SWIFT_ACTIVE_COMPILATION_CONDITIONS = DEBUG;
				SWIFT_OPTIMIZATION_LEVEL = "-Onone";
			};
			name = Debug;
		};
		CED0B6D529B365D5004A053B /* Release */ = {
			isa = XCBuildConfiguration;
			buildSettings = {
				ALWAYS_SEARCH_USER_PATHS = NO;
				CLANG_ANALYZER_NONNULL = YES;
				CLANG_ANALYZER_NUMBER_OBJECT_CONVERSION = YES_AGGRESSIVE;
				CLANG_CXX_LANGUAGE_STANDARD = "gnu++20";
				CLANG_ENABLE_MODULES = YES;
				CLANG_ENABLE_OBJC_ARC = YES;
				CLANG_ENABLE_OBJC_WEAK = YES;
				CLANG_WARN_BLOCK_CAPTURE_AUTORELEASING = YES;
				CLANG_WARN_BOOL_CONVERSION = YES;
				CLANG_WARN_COMMA = YES;
				CLANG_WARN_CONSTANT_CONVERSION = YES;
				CLANG_WARN_DEPRECATED_OBJC_IMPLEMENTATIONS = YES;
				CLANG_WARN_DIRECT_OBJC_ISA_USAGE = YES_ERROR;
				CLANG_WARN_DOCUMENTATION_COMMENTS = YES;
				CLANG_WARN_EMPTY_BODY = YES;
				CLANG_WARN_ENUM_CONVERSION = YES;
				CLANG_WARN_INFINITE_RECURSION = YES;
				CLANG_WARN_INT_CONVERSION = YES;
				CLANG_WARN_NON_LITERAL_NULL_CONVERSION = YES;
				CLANG_WARN_OBJC_IMPLICIT_RETAIN_SELF = YES;
				CLANG_WARN_OBJC_LITERAL_CONVERSION = YES;
				CLANG_WARN_OBJC_ROOT_CLASS = YES_ERROR;
				CLANG_WARN_QUOTED_INCLUDE_IN_FRAMEWORK_HEADER = YES;
				CLANG_WARN_RANGE_LOOP_ANALYSIS = YES;
				CLANG_WARN_STRICT_PROTOTYPES = YES;
				CLANG_WARN_SUSPICIOUS_MOVE = YES;
				CLANG_WARN_UNGUARDED_AVAILABILITY = YES_AGGRESSIVE;
				CLANG_WARN_UNREACHABLE_CODE = YES;
				CLANG_WARN__DUPLICATE_METHOD_MATCH = YES;
				COPY_PHASE_STRIP = NO;
				DEBUG_INFORMATION_FORMAT = "dwarf-with-dsym";
				ENABLE_NS_ASSERTIONS = NO;
				ENABLE_STRICT_OBJC_MSGSEND = YES;
				GCC_C_LANGUAGE_STANDARD = gnu11;
				GCC_NO_COMMON_BLOCKS = YES;
				GCC_WARN_64_TO_32_BIT_CONVERSION = YES;
				GCC_WARN_ABOUT_RETURN_TYPE = YES_ERROR;
				GCC_WARN_UNDECLARED_SELECTOR = YES;
				GCC_WARN_UNINITIALIZED_AUTOS = YES_AGGRESSIVE;
				GCC_WARN_UNUSED_FUNCTION = YES;
				GCC_WARN_UNUSED_VARIABLE = YES;
				IPHONEOS_DEPLOYMENT_TARGET = 16.2;
				MTL_ENABLE_DEBUG_INFO = NO;
				MTL_FAST_MATH = YES;
				SDKROOT = iphoneos;
				SWIFT_COMPILATION_MODE = wholemodule;
				SWIFT_OPTIMIZATION_LEVEL = "-O";
				VALIDATE_PRODUCT = YES;
			};
			name = Release;
		};
		CED0B6D729B365D5004A053B /* Debug */ = {
			isa = XCBuildConfiguration;
			buildSettings = {
				ASSETCATALOG_COMPILER_APPICON_NAME = AppIcon;
				ASSETCATALOG_COMPILER_GLOBAL_ACCENT_COLOR_NAME = AccentColor;
				CODE_SIGN_STYLE = Automatic;
				CURRENT_PROJECT_VERSION = 1;
				DEVELOPMENT_TEAM = C773E24UZ4;
				GENERATE_INFOPLIST_FILE = YES;
				INFOPLIST_FILE = MarvelApp/Info.plist;
				INFOPLIST_KEY_UIApplicationSupportsIndirectInputEvents = YES;
				INFOPLIST_KEY_UILaunchStoryboardName = LaunchScreen;
				INFOPLIST_KEY_UIMainStoryboardFile = Main;
				INFOPLIST_KEY_UISupportedInterfaceOrientations_iPad = "UIInterfaceOrientationPortrait UIInterfaceOrientationPortraitUpsideDown UIInterfaceOrientationLandscapeLeft UIInterfaceOrientationLandscapeRight";
				INFOPLIST_KEY_UISupportedInterfaceOrientations_iPhone = "UIInterfaceOrientationPortrait UIInterfaceOrientationLandscapeLeft UIInterfaceOrientationLandscapeRight";
				LD_RUNPATH_SEARCH_PATHS = (
					"$(inherited)",
					"@executable_path/Frameworks",
				);
				MARKETING_VERSION = 1.0;
				PRODUCT_BUNDLE_IDENTIFIER = com.manguinho.app.MarvelApp;
				PRODUCT_NAME = "$(TARGET_NAME)";
				SWIFT_EMIT_LOC_STRINGS = YES;
				SWIFT_VERSION = 5.0;
				TARGETED_DEVICE_FAMILY = "1,2";
			};
			name = Debug;
		};
		CED0B6D829B365D5004A053B /* Release */ = {
			isa = XCBuildConfiguration;
			buildSettings = {
				ASSETCATALOG_COMPILER_APPICON_NAME = AppIcon;
				ASSETCATALOG_COMPILER_GLOBAL_ACCENT_COLOR_NAME = AccentColor;
				CODE_SIGN_STYLE = Automatic;
				CURRENT_PROJECT_VERSION = 1;
				DEVELOPMENT_TEAM = C773E24UZ4;
				GENERATE_INFOPLIST_FILE = YES;
				INFOPLIST_FILE = MarvelApp/Info.plist;
				INFOPLIST_KEY_UIApplicationSupportsIndirectInputEvents = YES;
				INFOPLIST_KEY_UILaunchStoryboardName = LaunchScreen;
				INFOPLIST_KEY_UIMainStoryboardFile = Main;
				INFOPLIST_KEY_UISupportedInterfaceOrientations_iPad = "UIInterfaceOrientationPortrait UIInterfaceOrientationPortraitUpsideDown UIInterfaceOrientationLandscapeLeft UIInterfaceOrientationLandscapeRight";
				INFOPLIST_KEY_UISupportedInterfaceOrientations_iPhone = "UIInterfaceOrientationPortrait UIInterfaceOrientationLandscapeLeft UIInterfaceOrientationLandscapeRight";
				LD_RUNPATH_SEARCH_PATHS = (
					"$(inherited)",
					"@executable_path/Frameworks",
				);
				MARKETING_VERSION = 1.0;
				PRODUCT_BUNDLE_IDENTIFIER = com.manguinho.app.MarvelApp;
				PRODUCT_NAME = "$(TARGET_NAME)";
				SWIFT_EMIT_LOC_STRINGS = YES;
				SWIFT_VERSION = 5.0;
				TARGETED_DEVICE_FAMILY = "1,2";
			};
			name = Release;
		};
		CED0B6DA29B365D5004A053B /* Debug */ = {
			isa = XCBuildConfiguration;
			buildSettings = {
				ALWAYS_EMBED_SWIFT_STANDARD_LIBRARIES = YES;
				BUNDLE_LOADER = "$(TEST_HOST)";
				CODE_SIGN_STYLE = Automatic;
				CURRENT_PROJECT_VERSION = 1;
				DEVELOPMENT_TEAM = C773E24UZ4;
				GENERATE_INFOPLIST_FILE = YES;
				IPHONEOS_DEPLOYMENT_TARGET = 16.2;
				MARKETING_VERSION = 1.0;
				PRODUCT_BUNDLE_IDENTIFIER = com.manguinho.app.MarvelAppTests;
				PRODUCT_NAME = "$(TARGET_NAME)";
				SWIFT_EMIT_LOC_STRINGS = NO;
				SWIFT_VERSION = 5.0;
				TARGETED_DEVICE_FAMILY = "1,2";
				TEST_HOST = "$(BUILT_PRODUCTS_DIR)/MarvelApp.app/$(BUNDLE_EXECUTABLE_FOLDER_PATH)/MarvelApp";
			};
			name = Debug;
		};
		CED0B6DB29B365D5004A053B /* Release */ = {
			isa = XCBuildConfiguration;
			buildSettings = {
				ALWAYS_EMBED_SWIFT_STANDARD_LIBRARIES = YES;
				BUNDLE_LOADER = "$(TEST_HOST)";
				CODE_SIGN_STYLE = Automatic;
				CURRENT_PROJECT_VERSION = 1;
				DEVELOPMENT_TEAM = C773E24UZ4;
				GENERATE_INFOPLIST_FILE = YES;
				IPHONEOS_DEPLOYMENT_TARGET = 16.2;
				MARKETING_VERSION = 1.0;
				PRODUCT_BUNDLE_IDENTIFIER = com.manguinho.app.MarvelAppTests;
				PRODUCT_NAME = "$(TARGET_NAME)";
				SWIFT_EMIT_LOC_STRINGS = NO;
				SWIFT_VERSION = 5.0;
				TARGETED_DEVICE_FAMILY = "1,2";
				TEST_HOST = "$(BUILT_PRODUCTS_DIR)/MarvelApp.app/$(BUNDLE_EXECUTABLE_FOLDER_PATH)/MarvelApp";
			};
			name = Release;
		};
		CED0B6DD29B365D5004A053B /* Debug */ = {
			isa = XCBuildConfiguration;
			buildSettings = {
				ALWAYS_EMBED_SWIFT_STANDARD_LIBRARIES = YES;
				CODE_SIGN_STYLE = Automatic;
				CURRENT_PROJECT_VERSION = 1;
				DEVELOPMENT_TEAM = C773E24UZ4;
				GENERATE_INFOPLIST_FILE = YES;
				MARKETING_VERSION = 1.0;
				PRODUCT_BUNDLE_IDENTIFIER = com.manguinho.app.MarvelAppUITests;
				PRODUCT_NAME = "$(TARGET_NAME)";
				SWIFT_EMIT_LOC_STRINGS = NO;
				SWIFT_VERSION = 5.0;
				TARGETED_DEVICE_FAMILY = "1,2";
				TEST_TARGET_NAME = MarvelApp;
			};
			name = Debug;
		};
		CED0B6DE29B365D5004A053B /* Release */ = {
			isa = XCBuildConfiguration;
			buildSettings = {
				ALWAYS_EMBED_SWIFT_STANDARD_LIBRARIES = YES;
				CODE_SIGN_STYLE = Automatic;
				CURRENT_PROJECT_VERSION = 1;
				DEVELOPMENT_TEAM = C773E24UZ4;
				GENERATE_INFOPLIST_FILE = YES;
				MARKETING_VERSION = 1.0;
				PRODUCT_BUNDLE_IDENTIFIER = com.manguinho.app.MarvelAppUITests;
				PRODUCT_NAME = "$(TARGET_NAME)";
				SWIFT_EMIT_LOC_STRINGS = NO;
				SWIFT_VERSION = 5.0;
				TARGETED_DEVICE_FAMILY = "1,2";
				TEST_TARGET_NAME = MarvelApp;
			};
			name = Release;
		};
/* End XCBuildConfiguration section */

/* Begin XCConfigurationList section */
		CED0B6A429B365D3004A053B /* Build configuration list for PBXProject "MarvelApp" */ = {
			isa = XCConfigurationList;
			buildConfigurations = (
				CED0B6D429B365D5004A053B /* Debug */,
				CED0B6D529B365D5004A053B /* Release */,
			);
			defaultConfigurationIsVisible = 0;
			defaultConfigurationName = Release;
		};
		CED0B6D629B365D5004A053B /* Build configuration list for PBXNativeTarget "MarvelApp" */ = {
			isa = XCConfigurationList;
			buildConfigurations = (
				CED0B6D729B365D5004A053B /* Debug */,
				CED0B6D829B365D5004A053B /* Release */,
			);
			defaultConfigurationIsVisible = 0;
			defaultConfigurationName = Release;
		};
		CED0B6D929B365D5004A053B /* Build configuration list for PBXNativeTarget "MarvelAppTests" */ = {
			isa = XCConfigurationList;
			buildConfigurations = (
				CED0B6DA29B365D5004A053B /* Debug */,
				CED0B6DB29B365D5004A053B /* Release */,
			);
			defaultConfigurationIsVisible = 0;
			defaultConfigurationName = Release;
		};
		CED0B6DC29B365D5004A053B /* Build configuration list for PBXNativeTarget "MarvelAppUITests" */ = {
			isa = XCConfigurationList;
			buildConfigurations = (
				CED0B6DD29B365D5004A053B /* Debug */,
				CED0B6DE29B365D5004A053B /* Release */,
			);
			defaultConfigurationIsVisible = 0;
			defaultConfigurationName = Release;
		};
/* End XCConfigurationList section */

/* Begin XCRemoteSwiftPackageReference section */
		CED0B6FE29B3C902004A053B /* XCRemoteSwiftPackageReference "Alamofire" */ = {
			isa = XCRemoteSwiftPackageReference;
			repositoryURL = "https://github.com/Alamofire/Alamofire";
			requirement = {
				kind = upToNextMajorVersion;
				minimumVersion = 5.0.0;
			};
		};
		CED0B70129B3C966004A053B /* XCRemoteSwiftPackageReference "Kingfisher" */ = {
			isa = XCRemoteSwiftPackageReference;
			repositoryURL = "https://github.com/onevcat/Kingfisher";
			requirement = {
				kind = upToNextMajorVersion;
				minimumVersion = 7.0.0;
			};
		};
/* End XCRemoteSwiftPackageReference section */

/* Begin XCSwiftPackageProductDependency section */
		CED0B6FF29B3C902004A053B /* Alamofire */ = {
			isa = XCSwiftPackageProductDependency;
			package = CED0B6FE29B3C902004A053B /* XCRemoteSwiftPackageReference "Alamofire" */;
			productName = Alamofire;
		};
		CED0B70229B3C966004A053B /* Kingfisher */ = {
			isa = XCSwiftPackageProductDependency;
			package = CED0B70129B3C966004A053B /* XCRemoteSwiftPackageReference "Kingfisher" */;
			productName = Kingfisher;
		};
/* End XCSwiftPackageProductDependency section */

/* Begin XCVersionGroup section */
		CED0B6B529B365D3004A053B /* MarvelApp.xcdatamodeld */ = {
			isa = XCVersionGroup;
			children = (
				CED0B6B629B365D3004A053B /* MarvelApp.xcdatamodel */,
			);
			currentVersion = CED0B6B629B365D3004A053B /* MarvelApp.xcdatamodel */;
			path = MarvelApp.xcdatamodeld;
			sourceTree = "<group>";
			versionGroupType = wrapper.xcdatamodel;
		};
/* End XCVersionGroup section */
	};
	rootObject = CED0B6A129B365D3004A053B /* Project object */;
}
